{
  "name": "滚动列表【自动加载，上拉加载，下拉刷新，可自定义】",
  "version": "1.1.0",
  "lockfileVersion": 1,
  "requires": true,
  "dependencies": {
    "@hyoga/uni-socket.io": {
      "version": "3.0.4",
      "resolved": "https://registry.npmmirror.com/@hyoga/uni-socket.io/-/uni-socket.io-3.0.4.tgz",
      "integrity": "sha512-m04M/ALXpTWcKoJGPDMzJosmzuopyAXF51DFN/qxLyXnbCFeQwsWOXT/XNLl4aWoBVGwQ7IptECFFRCA6z5C8A=="
    },
    "cashierjs": {
      "version": "1.1.4",
      "resolved": "https://registry.npmmirror.com/cashierjs/-/cashierjs-1.1.4.tgz",
      "integrity": "sha512-/BJv5jOmG63Bo4dDOoVySorib6jv0VcIYPGExJbsHGWPtvB/vrRz2NA2Q5jEC1ivwGuWU7jk7PMroEd7xxhBDA=="
    }
  }
}
